// !$*UTF8*$!
{
	archiveVersion = 1;
	classes = {
	};
	objectVersion = 50;
	objects = {

/* Begin PBXBuildFile section */
		6B2CB42F2395E2CF000A4B57 /* AppDelegate.swift in Sources */ = {isa = PBXBuildFile; fileRef = 6B2CB42E2395E2CF000A4B57 /* AppDelegate.swift */; };
		6B2CB4312395E2CF000A4B57 /* SceneDelegate.swift in Sources */ = {isa = PBXBuildFile; fileRef = 6B2CB4302395E2CF000A4B57 /* SceneDelegate.swift */; };
		6B2CB4332395E2CF000A4B57 /* ViewController.swift in Sources */ = {isa = PBXBuildFile; fileRef = 6B2CB4322395E2CF000A4B57 /* ViewController.swift */; };
		6B2CB4362395E2CF000A4B57 /* Main.storyboard in Resources */ = {isa = PBXBuildFile; fileRef = 6B2CB4342395E2CF000A4B57 /* Main.storyboard */; };
		6B2CB4382395E2D1000A4B57 /* Assets.xcassets in Resources */ = {isa = PBXBuildFile; fileRef = 6B2CB4372395E2D1000A4B57 /* Assets.xcassets */; };
		6B2CB43B2395E2D1000A4B57 /* LaunchScreen.storyboard in Resources */ = {isa = PBXBuildFile; fileRef = 6B2CB4392395E2D1000A4B57 /* LaunchScreen.storyboard */; };
		6B2CB4432395E58D000A4B57 /* Question.swift in Sources */ = {isa = PBXBuildFile; fileRef = 6B2CB4422395E58D000A4B57 /* Question.swift */; };
		6B2CB4452395E7F3000A4B57 /* Questions.swift in Sources */ = {isa = PBXBuildFile; fileRef = 6B2CB4442395E7F3000A4B57 /* Questions.swift */; };
		6BC402542396BF54001EEA78 /* SecondVCViewController.swift in Sources */ = {isa = PBXBuildFile; fileRef = 6BC402532396BF54001EEA78 /* SecondVCViewController.swift */; };
/* End PBXBuildFile section */

/* Begin PBXFileReference section */
		6B2CB42B2395E2CF000A4B57 /* FinalPrjt.app */ = {isa = PBXFileReference; explicitFileType = wrapper.application; includeInIndex = 0; path = FinalPrjt.app; sourceTree = BUILT_PRODUCTS_DIR; };
		6B2CB42E2395E2CF000A4B57 /* AppDelegate.swift */ = {isa = PBXFileReference; lastKnownFileType = sourcecode.swift; path = AppDelegate.swift; sourceTree = "<group>"; };
		6B2CB4302395E2CF000A4B57 /* SceneDelegate.swift */ = {isa = PBXFileReference; lastKnownFileType = sourcecode.swift; path = SceneDelegate.swift; sourceTree = "<group>"; };
		6B2CB4322395E2CF000A4B57 /* ViewController.swift */ = {isa = PBXFileReference; lastKnownFileType = sourcecode.swift; path = ViewController.swift; sourceTree = "<group>"; };
		6B2CB4352395E2CF000A4B57 /* Base */ = {isa = PBXFileReference; lastKnownFileType = file.storyboard; name = Base; path = Base.lproj/Main.storyboard; sourceTree = "<group>"; };
		6B2CB4372395E2D1000A4B57 /* Assets.xcassets */ = {isa = PBXFileReference; lastKnownFileType = folder.assetcatalog; path = Assets.xcassets; sourceTree = "<group>"; };
		6B2CB43A2395E2D1000A4B57 /* Base */ = {isa = PBXFileReference; lastKnownFileType = file.storyboard; name = Base; path = Base.lproj/LaunchScreen.storyboard; sourceTree = "<group>"; };
		6B2CB43C2395E2D1000A4B57 /* Info.plist */ = {isa = PBXFileReference; lastKnownFileType = text.plist.xml; path = Info.plist; sourceTree = "<group>"; };
		6B2CB4422395E58D000A4B57 /* Question.swift */ = {isa = PBXFileReference; lastKnownFileType = sourcecode.swift; path = Question.swift; sourceTree = "<group>"; };
		6B2CB4442395E7F3000A4B57 /* Questions.swift */ = {isa = PBXFileReference; lastKnownFileType = sourcecode.swift; path = Questions.swift; sourceTree = "<group>"; };
		6BC402532396BF54001EEA78 /* SecondVCViewController.swift */ = {isa = PBXFileReference; lastKnownFileType = sourcecode.swift; path = SecondVCViewController.swift; sourceTree = "<group>"; };
/* End PBXFileReference section */

/* Begin PBXFrameworksBuildPhase section */
		6B2CB4282395E2CF000A4B57 /* Frameworks */ = {
			isa = PBXFrameworksBuildPhase;
			buildActionMask = 2147483647;
			files = (
			);
			runOnlyForDeploymentPostprocessing = 0;
		};
/* End PBXFrameworksBuildPhase section */

/* Begin PBXGroup section */
		6B2CB4222395E2CF000A4B57 = {
			isa = PBXGroup;
			children = (
				6B2CB42D2395E2CF000A4B57 /* FinalPrjt */,
				6B2CB42C2395E2CF000A4B57 /* Products */,
			);
			sourceTree = "<group>";
		};
		6B2CB42C2395E2CF000A4B57 /* Products */ = {
			isa = PBXGroup;
			children = (
				6B2CB42B2395E2CF000A4B57 /* FinalPrjt.app */,
			);
			name = Products;
			sourceTree = "<group>";
		};
		6B2CB42D2395E2CF000A4B57 /* FinalPrjt */ = {
			isa = PBXGroup;
			children = (
				6B2CB42E2395E2CF000A4B57 /* AppDelegate.swift */,
				6B2CB4302395E2CF000A4B57 /* SceneDelegate.swift */,
				6B2CB4322395E2CF000A4B57 /* ViewController.swift */,
				6B2CB4342395E2CF000A4B57 /* Main.storyboard */,
				6BC402532396BF54001EEA78 /* SecondVCViewController.swift */,
				6B2CB4372395E2D1000A4B57 /* Assets.xcassets */,
				6B2CB4392395E2D1000A4B57 /* LaunchScreen.storyboard */,
				6B2CB43C2395E2D1000A4B57 /* Info.plist */,
				6B2CB4422395E58D000A4B57 /* Question.swift */,
				6B2CB4442395E7F3000A4B57 /* Questions.swift */,
			);
			path = FinalPrjt;
			sourceTree = "<group>";
		};
/* End PBXGroup section */

/* Begin PBXNativeTarget section */
		6B2CB42A2395E2CF000A4B57 /* FinalPrjt */ = {
			isa = PBXNativeTarget;
			buildConfigurationList = 6B2CB43F2395E2D1000A4B57 /* Build configuration list for PBXNativeTarget "FinalPrjt" */;
			buildPhases = (
				6B2CB4272395E2CF000A4B57 /* Sources */,
				6B2CB4282395E2CF000A4B57 /* Frameworks */,
				6B2CB4292395E2CF000A4B57 /* Resources */,
			);
			buildRules = (
			);
			dependencies = (
			);
			name = FinalPrjt;
			productName = FinalPrjt;
			productReference = 6B2CB42B2395E2CF000A4B57 /* FinalPrjt.app */;
			productType = "com.apple.product-type.application";
		};
/* End PBXNativeTarget section */

/* Begin PBXProject section */
		6B2CB4232395E2CF000A4B57 /* Project object */ = {
			isa = PBXProject;
			attributes = {
				LastSwiftUpdateCheck = 1120;
				LastUpgradeCheck = 1120;
				ORGANIZATIONNAME = CollegeLaSalle;
				TargetAttributes = {
					6B2CB42A2395E2CF000A4B57 = {
						CreatedOnToolsVersion = 11.2.1;
					};
				};
			};
			buildConfigurationList = 6B2CB4262395E2CF000A4B57 /* Build configuration list for PBXProject "FinalPrjt" */;
			compatibilityVersion = "Xcode 9.3";
			developmentRegion = en;
			hasScannedForEncodings = 0;
			knownRegions = (
				en,
				Base,
			);
			mainGroup = 6B2CB4222395E2CF000A4B57;
			productRefGroup = 6B2CB42C2395E2CF000A4B57 /* Products */;
			projectDirPath = "";
			projectRoot = "";
			targets = (
				6B2CB42A2395E2CF000A4B57 /* FinalPrjt */,
			);
		};
/* End PBXProject section */

/* Begin PBXResourcesBuildPhase section */
		6B2CB4292395E2CF000A4B57 /* Resources */ = {
			isa = PBXResourcesBuildPhase;
			buildActionMask = 2147483647;
			files = (
				6B2CB43B2395E2D1000A4B57 /* LaunchScreen.storyboard in Resources */,
				6B2CB4382395E2D1000A4B57 /* Assets.xcassets in Resources */,
				6B2CB4362395E2CF000A4B57 /* Main.storyboard in Resources */,
			);
			runOnlyForDeploymentPostprocessing = 0;
		};
/* End PBXResourcesBuildPhase section */

/* Begin PBXSourcesBuildPhase section */
		6B2CB4272395E2CF000A4B57 /* Sources */ = {
			isa = PBXSourcesBuildPhase;
			buildActionMask = 2147483647;
			files = (
				6B2CB4332395E2CF000A4B57 /* ViewController.swift in Sources */,
				6B2CB4432395E58D000A4B57 /* Question.swift in Sources */,
				6B2CB42F2395E2CF000A4B57 /* AppDelegate.swift in Sources */,
				6BC402542396BF54001EEA78 /* SecondVCViewController.swift in Sources */,
				6B2CB4452395E7F3000A4B57 /* Questions.swift in Sources */,
				6B2CB4312395E2CF000A4B57 /* SceneDelegate.swift in Sources */,
			);
			runOnlyForDeploymentPostprocessing = 0;
		};
/* End PBXSourcesBuildPhase section */

/* Begin PBXVariantGroup section */
		6B2CB4342395E2CF000A4B57 /* Main.storyboard */ = {
			isa = PBXVariantGroup;
			children = (
				6B2CB4352395E2CF000A4B57 /* Base */,
			);
			name = Main.storyboard;
			sourceTree = "<group>";
		};
		6B2CB4392395E2D1000A4B57 /* LaunchScreen.storyboard */ = {
			isa = PBXVariantGroup;
			children = (
				6B2CB43A2395E2D1000A4B57 /* Base */,
			);
			name = LaunchScreen.storyboard;
			sourceTree = "<group>";
		};
/* End PBXVariantGroup section */

/* Begin XCBuildConfiguration section */
		6B2CB43D2395E2D1000A4B57 /* Debug */ = {
			isa = XCBuildConfiguration;
			buildSettings = {
				ALWAYS_SEARCH_USER_PATHS = NO;
				CLANG_ANALYZER_NONNULL = YES;
				CLANG_ANALYZER_NUMBER_OBJECT_CONVERSION = YES_AGGRESSIVE;
				CLANG_CXX_LANGUAGE_STANDARD = "gnu++14";
				CLANG_CXX_LIBRARY = "libc++";
				CLANG_ENABLE_MODULES = YES;
				CLANG_ENABLE_OBJC_ARC = YES;
				CLANG_ENABLE_OBJC_WEAK = YES;
				CLANG_WARN_BLOCK_CAPTURE_AUTORELEASING = YES;
				CLANG_WARN_BOOL_CONVERSION = YES;
				CLANG_WARN_COMMA = YES;
				CLANG_WARN_CONSTANT_CONVERSION = YES;
				CLANG_WARN_DEPRECATED_OBJC_IMPLEMENTATIONS = YES;
				CLANG_WARN_DIRECT_OBJC_ISA_USAGE = YES_ERROR;
				CLANG_WARN_DOCUMENTATION_COMMENTS = YES;
				CLANG_WARN_EMPTY_BODY = YES;
				CLANG_WARN_ENUM_CONVERSION = YES;
				CLANG_WARN_INFINITE_RECURSION = YES;
				CLANG_WARN_INT_CONVERSION = YES;
				CLANG_WARN_NON_LITERAL_NULL_CONVERSION = YES;
				CLANG_WARN_OBJC_IMPLICIT_RETAIN_SELF = YES;
				CLANG_WARN_OBJC_LITERAL_CONVERSION = YES;
				CLANG_WARN_OBJC_ROOT_CLASS = YES_ERROR;
				CLANG_WARN_RANGE_LOOP_ANALYSIS = YES;
				CLANG_WARN_STRICT_PROTOTYPES = YES;
				CLANG_WARN_SUSPICIOUS_MOVE = YES;
				CLANG_WARN_UNGUARDED_AVAILABILITY = YES_AGGRESSIVE;
				CLANG_WARN_UNREACHABLE_CODE = YES;
				CLANG_WARN__DUPLICATE_METHOD_MATCH = YES;
				COPY_PHASE_STRIP = NO;
				DEBUG_INFORMATION_FORMAT = dwarf;
				ENABLE_STRICT_OBJC_MSGSEND = YES;
				ENABLE_TESTABILITY = YES;
				GCC_C_LANGUAGE_STANDARD = gnu11;
				GCC_DYNAMIC_NO_PIC = NO;
				GCC_NO_COMMON_BLOCKS = YES;
				GCC_OPTIMIZATION_LEVEL = 0;
				GCC_PREPROCESSOR_DEFINITIONS = (
					"DEBUG=1",
					"$(inherited)",
				);
				GCC_WARN_64_TO_32_BIT_CONVERSION = YES;
				GCC_WARN_ABOUT_RETURN_TYPE = YES_ERROR;
				GCC_WARN_UNDECLARED_SELECTOR = YES;
				GCC_WARN_UNINITIALIZED_AUTOS = YES_AGGRESSIVE;
				GCC_WARN_UNUSED_FUNCTION = YES;
				GCC_WARN_UNUSED_VARIABLE = YES;
				IPHONEOS_DEPLOYMENT_TARGET = 13.2;
				MTL_ENABLE_DEBUG_INFO = INCLUDE_SOURCE;
				MTL_FAST_MATH = YES;
				ONLY_ACTIVE_ARCH = YES;
				SDKROOT = iphoneos;
				SWIFT_ACTIVE_COMPILATION_CONDITIONS = DEBUG;
				SWIFT_OPTIMIZATION_LEVEL = "-Onone";
			};
			name = Debug;
		};
		6B2CB43E2395E2D1000A4B57 /* Release */ = {
			isa = XCBuildConfiguration;
			buildSettings = {
				ALWAYS_SEARCH_USER_PATHS = NO;
				CLANG_ANALYZER_NONNULL = YES;
				CLANG_ANALYZER_NUMBER_OBJECT_CONVERSION = YES_AGGRESSIVE;
				CLANG_CXX_LANGUAGE_STANDARD = "gnu++14";
				CLANG_CXX_LIBRARY = "libc++";
				CLANG_ENABLE_MODULES = YES;
				CLANG_ENABLE_OBJC_ARC = YES;
				CLANG_ENABLE_OBJC_WEAK = YES;
				CLANG_WARN_BLOCK_CAPTURE_AUTORELEASING = YES;
				CLANG_WARN_BOOL_CONVERSION = YES;
				CLANG_WARN_COMMA = YES;
				CLANG_WARN_CONSTANT_CONVERSION = YES;
				CLANG_WARN_DEPRECATED_OBJC_IMPLEMENTATIONS = YES;
				CLANG_WARN_DIRECT_OBJC_ISA_USAGE = YES_ERROR;
				CLANG_WARN_DOCUMENTATION_COMMENTS = YES;
				CLANG_WARN_EMPTY_BODY = YES;
				CLANG_WARN_ENUM_CONVERSION = YES;
				CLANG_WARN_INFINITE_RECURSION = YES;
				CLANG_WARN_INT_CONVERSION = YES;
				CLANG_WARN_NON_LITERAL_NULL_CONVERSION = YES;
				CLANG_WARN_OBJC_IMPLICIT_RETAIN_SELF = YES;
				CLANG_WARN_OBJC_LITERAL_CONVERSION = YES;
				CLANG_WARN_OBJC_ROOT_CLASS = YES_ERROR;
				CLANG_WARN_RANGE_LOOP_ANALYSIS = YES;
				CLANG_WARN_STRICT_PROTOTYPES = YES;
				CLANG_WARN_SUSPICIOUS_MOVE = YES;
				CLANG_WARN_UNGUARDED_AVAILABILITY = YES_AGGRESSIVE;
				CLANG_WARN_UNREACHABLE_CODE = YES;
				CLANG_WARN__DUPLICATE_METHOD_MATCH = YES;
				COPY_PHASE_STRIP = NO;
				DEBUG_INFORMATION_FORMAT = "dwarf-with-dsym";
				ENABLE_NS_ASSERTIONS = NO;
				ENABLE_STRICT_OBJC_MSGSEND = YES;
				GCC_C_LANGUAGE_STANDARD = gnu11;
				GCC_NO_COMMON_BLOCKS = YES;
				GCC_WARN_64_TO_32_BIT_CONVERSION = YES;
				GCC_WARN_ABOUT_RETURN_TYPE = YES_ERROR;
				GCC_WARN_UNDECLARED_SELECTOR = YES;
				GCC_WARN_UNINITIALIZED_AUTOS = YES_AGGRESSIVE;
				GCC_WARN_UNUSED_FUNCTION = YES;
				GCC_WARN_UNUSED_VARIABLE = YES;
				IPHONEOS_DEPLOYMENT_TARGET = 13.2;
				MTL_ENABLE_DEBUG_INFO = NO;
				MTL_FAST_MATH = YES;
				SDKROOT = iphoneos;
				SWIFT_COMPILATION_MODE = wholemodule;
				SWIFT_OPTIMIZATION_LEVEL = "-O";
				VALIDATE_PRODUCT = YES;
			};
			name = Release;
		};
		6B2CB4402395E2D1000A4B57 /* Debug */ = {
			isa = XCBuildConfiguration;
			buildSettings = {
				ASSETCATALOG_COMPILER_APPICON_NAME = AppIcon;
				CODE_SIGN_STYLE = Automatic;
				INFOPLIST_FILE = FinalPrjt/Info.plist;
				LD_RUNPATH_SEARCH_PATHS = (
					"$(inherited)",
					"@executable_path/Frameworks",
				);
				PRODUCT_BUNDLE_IDENTIFIER = com.collegelasalle.FinalPrjt;
				PRODUCT_NAME = "$(TARGET_NAME)";
				SWIFT_VERSION = 5.0;
				TARGETED_DEVICE_FAMILY = "1,2";
			};
			name = Debug;
		};
		6B2CB4412395E2D1000A4B57 /* Release */ = {
			isa = XCBuildConfiguration;
			buildSettings = {
				ASSETCATALOG_COMPILER_APPICON_NAME = AppIcon;
				CODE_SIGN_STYLE = Automatic;
				INFOPLIST_FILE = FinalPrjt/Info.plist;
				LD_RUNPATH_SEARCH_PATHS = (
					"$(inherited)",
					"@executable_path/Frameworks",
				);
				PRODUCT_BUNDLE_IDENTIFIER = com.collegelasalle.FinalPrjt;
				PRODUCT_NAME = "$(TARGET_NAME)";
				SWIFT_VERSION = 5.0;
				TARGETED_DEVICE_FAMILY = "1,2";
			};
			name = Release;
		};
/* End XCBuildConfiguration section */

/* Begin XCConfigurationList section */
		6B2CB4262395E2CF000A4B57 /* Build configuration list for PBXProject "FinalPrjt" */ = {
			isa = XCConfigurationList;
			buildConfigurations = (
				6B2CB43D2395E2D1000A4B57 /* Debug */,
				6B2CB43E2395E2D1000A4B57 /* Release */,
			);
			defaultConfigurationIsVisible = 0;
			defaultConfigurationName = Release;
		};
		6B2CB43F2395E2D1000A4B57 /* Build configuration list for PBXNativeTarget "FinalPrjt" */ = {
			isa = XCConfigurationList;
			buildConfigurations = (
				6B2CB4402395E2D1000A4B57 /* Debug */,
				6B2CB4412395E2D1000A4B57 /* Release */,
			);
			defaultConfigurationIsVisible = 0;
			defaultConfigurationName = Release;
		};
/* End XCConfigurationList section */
	};
	rootObject = 6B2CB4232395E2CF000A4B57 /* Project object */;
}
